// !$*UTF8*$!
{
	archiveVersion = 1;
	classes = {
	};
	objectVersion = 46;
	objects = {

/* Begin PBXBuildFile section */
		5EBB1C7D1B53758D0073FD35 /* main.m in Sources */ = {isa = PBXBuildFile; fileRef = 5EBB1C7C1B53758D0073FD35 /* main.m */; };
		5EBB1C801B53758D0073FD35 /* AppDelegate.m in Sources */ = {isa = PBXBuildFile; fileRef = 5EBB1C7F1B53758D0073FD35 /* AppDelegate.m */; };
		5EBB1C861B53758D0073FD35 /* Main.storyboard in Resources */ = {isa = PBXBuildFile; fileRef = 5EBB1C841B53758D0073FD35 /* Main.storyboard */; };
		5EBB1C881B53758D0073FD35 /* Images.xcassets in Resources */ = {isa = PBXBuildFile; fileRef = 5EBB1C871B53758D0073FD35 /* Images.xcassets */; };
		5EBB1C8B1B53758D0073FD35 /* LaunchScreen.xib in Resources */ = {isa = PBXBuildFile; fileRef = 5EBB1C891B53758D0073FD35 /* LaunchScreen.xib */; };
		5EBB1C971B53758D0073FD35 /* TableTennisTests.m in Sources */ = {isa = PBXBuildFile; fileRef = 5EBB1C961B53758D0073FD35 /* TableTennisTests.m */; };
		5EBB1CA31B5380AA0073FD35 /* ViewController.m in Sources */ = {isa = PBXBuildFile; fileRef = 5EBB1CA11B5380AA0073FD35 /* ViewController.m */; };
		5EBB1CA41B5380AA0073FD35 /* ViewController.xib in Resources */ = {isa = PBXBuildFile; fileRef = 5EBB1CA21B5380AA0073FD35 /* ViewController.xib */; };
/* End PBXBuildFile section */

/* Begin PBXContainerItemProxy section */
		5EBB1C911B53758D0073FD35 /* PBXContainerItemProxy */ = {
			isa = PBXContainerItemProxy;
			containerPortal = 5EBB1C6F1B53758D0073FD35 /* Project object */;
			proxyType = 1;
			remoteGlobalIDString = 5EBB1C761B53758D0073FD35;
			remoteInfo = TableTennis;
		};
/* End PBXContainerItemProxy section */

/* Begin PBXFileReference section */
		5EBB1C771B53758D0073FD35 /* TableTennis.app */ = {isa = PBXFileReference; explicitFileType = wrapper.application; includeInIndex = 0; path = TableTennis.app; sourceTree = BUILT_PRODUCTS_DIR; };
		5EBB1C7B1B53758D0073FD35 /* Info.plist */ = {isa = PBXFileReference; lastKnownFileType = text.plist.xml; path = Info.plist; sourceTree = "<group>"; };
		5EBB1C7C1B53758D0073FD35 /* main.m */ = {isa = PBXFileReference; lastKnownFileType = sourcecode.c.objc; path = main.m; sourceTree = "<group>"; };
		5EBB1C7E1B53758D0073FD35 /* AppDelegate.h */ = {isa = PBXFileReference; lastKnownFileType = sourcecode.c.h; path = AppDelegate.h; sourceTree = "<group>"; };
		5EBB1C7F1B53758D0073FD35 /* AppDelegate.m */ = {isa = PBXFileReference; lastKnownFileType = sourcecode.c.objc; path = AppDelegate.m; sourceTree = "<group>"; };
		5EBB1C851B53758D0073FD35 /* Base */ = {isa = PBXFileReference; lastKnownFileType = file.storyboard; name = Base; path = Base.lproj/Main.storyboard; sourceTree = "<group>"; };
		5EBB1C871B53758D0073FD35 /* Images.xcassets */ = {isa = PBXFileReference; lastKnownFileType = folder.assetcatalog; path = Images.xcassets; sourceTree = "<group>"; };
		5EBB1C8A1B53758D0073FD35 /* Base */ = {isa = PBXFileReference; lastKnownFileType = file.xib; name = Base; path = Base.lproj/LaunchScreen.xib; sourceTree = "<group>"; };
		5EBB1C901B53758D0073FD35 /* TableTennisTests.xctest */ = {isa = PBXFileReference; explicitFileType = wrapper.cfbundle; includeInIndex = 0; path = TableTennisTests.xctest; sourceTree = BUILT_PRODUCTS_DIR; };
		5EBB1C951B53758D0073FD35 /* Info.plist */ = {isa = PBXFileReference; lastKnownFileType = text.plist.xml; path = Info.plist; sourceTree = "<group>"; };
		5EBB1C961B53758D0073FD35 /* TableTennisTests.m */ = {isa = PBXFileReference; lastKnownFileType = sourcecode.c.objc; path = TableTennisTests.m; sourceTree = "<group>"; };
		5EBB1CA01B5380AA0073FD35 /* ViewController.h */ = {isa = PBXFileReference; fileEncoding = 4; lastKnownFileType = sourcecode.c.h; path = ViewController.h; sourceTree = "<group>"; };
		5EBB1CA11B5380AA0073FD35 /* ViewController.m */ = {isa = PBXFileReference; fileEncoding = 4; lastKnownFileType = sourcecode.c.objc; path = ViewController.m; sourceTree = "<group>"; };
		5EBB1CA21B5380AA0073FD35 /* ViewController.xib */ = {isa = PBXFileReference; fileEncoding = 4; lastKnownFileType = file.xib; path = ViewController.xib; sourceTree = "<group>"; };
/* End PBXFileReference section */

/* Begin PBXFrameworksBuildPhase section */
		5EBB1C741B53758D0073FD35 /* Frameworks */ = {
			isa = PBXFrameworksBuildPhase;
			buildActionMask = 2147483647;
			files = (
			);
			runOnlyForDeploymentPostprocessing = 0;
		};
		5EBB1C8D1B53758D0073FD35 /* Frameworks */ = {
			isa = PBXFrameworksBuildPhase;
			buildActionMask = 2147483647;
			files = (
			);
			runOnlyForDeploymentPostprocessing = 0;
		};
/* End PBXFrameworksBuildPhase section */

/* Begin PBXGroup section */
		5EBB1C6E1B53758D0073FD35 = {
			isa = PBXGroup;
			children = (
				5EBB1C791B53758D0073FD35 /* TableTennis */,
				5EBB1C931B53758D0073FD35 /* TableTennisTests */,
				5EBB1C781B53758D0073FD35 /* Products */,
			);
			sourceTree = "<group>";
		};
		5EBB1C781B53758D0073FD35 /* Products */ = {
			isa = PBXGroup;
			children = (
				5EBB1C771B53758D0073FD35 /* TableTennis.app */,
				5EBB1C901B53758D0073FD35 /* TableTennisTests.xctest */,
			);
			name = Products;
			sourceTree = "<group>";
		};
		5EBB1C791B53758D0073FD35 /* TableTennis */ = {
			isa = PBXGroup;
			children = (
				5EBB1C7E1B53758D0073FD35 /* AppDelegate.h */,
				5EBB1C7F1B53758D0073FD35 /* AppDelegate.m */,
				5EBB1C841B53758D0073FD35 /* Main.storyboard */,
				5EBB1C871B53758D0073FD35 /* Images.xcassets */,
				5EBB1C891B53758D0073FD35 /* LaunchScreen.xib */,
				5EBB1C7A1B53758D0073FD35 /* Supporting Files */,
				5EBB1CA01B5380AA0073FD35 /* ViewController.h */,
				5EBB1CA11B5380AA0073FD35 /* ViewController.m */,
				5EBB1CA21B5380AA0073FD35 /* ViewController.xib */,
			);
			path = TableTennis;
			sourceTree = "<group>";
		};
		5EBB1C7A1B53758D0073FD35 /* Supporting Files */ = {
			isa = PBXGroup;
			children = (
				5EBB1C7B1B53758D0073FD35 /* Info.plist */,
				5EBB1C7C1B53758D0073FD35 /* main.m */,
			);
			name = "Supporting Files";
			sourceTree = "<group>";
		};
		5EBB1C931B53758D0073FD35 /* TableTennisTests */ = {
			isa = PBXGroup;
			children = (
				5EBB1C961B53758D0073FD35 /* TableTennisTests.m */,
				5EBB1C941B53758D0073FD35 /* Supporting Files */,
			);
			path = TableTennisTests;
			sourceTree = "<group>";
		};
		5EBB1C941B53758D0073FD35 /* Supporting Files */ = {
			isa = PBXGroup;
			children = (
				5EBB1C951B53758D0073FD35 /* Info.plist */,
			);
			name = "Supporting Files";
			sourceTree = "<group>";
		};
/* End PBXGroup section */

/* Begin PBXNativeTarget section */
		5EBB1C761B53758D0073FD35 /* TableTennis */ = {
			isa = PBXNativeTarget;
			buildConfigurationList = 5EBB1C9A1B53758D0073FD35 /* Build configuration list for PBXNativeTarget "TableTennis" */;
			buildPhases = (
				5EBB1C731B53758D0073FD35 /* Sources */,
				5EBB1C741B53758D0073FD35 /* Frameworks */,
				5EBB1C751B53758D0073FD35 /* Resources */,
			);
			buildRules = (
			);
			dependencies = (
			);
			name = TableTennis;
			productName = TableTennis;
			productReference = 5EBB1C771B53758D0073FD35 /* TableTennis.app */;
			productType = "com.apple.product-type.application";
		};
		5EBB1C8F1B53758D0073FD35 /* TableTennisTests */ = {
			isa = PBXNativeTarget;
			buildConfigurationList = 5EBB1C9D1B53758D0073FD35 /* Build configuration list for PBXNativeTarget "TableTennisTests" */;
			buildPhases = (
				5EBB1C8C1B53758D0073FD35 /* Sources */,
				5EBB1C8D1B53758D0073FD35 /* Frameworks */,
				5EBB1C8E1B53758D0073FD35 /* Resources */,
			);
			buildRules = (
			);
			dependencies = (
				5EBB1C921B53758D0073FD35 /* PBXTargetDependency */,
			);
			name = TableTennisTests;
			productName = TableTennisTests;
			productReference = 5EBB1C901B53758D0073FD35 /* TableTennisTests.xctest */;
			productType = "com.apple.product-type.bundle.unit-test";
		};
/* End PBXNativeTarget section */

/* Begin PBXProject section */
		5EBB1C6F1B53758D0073FD35 /* Project object */ = {
			isa = PBXProject;
			attributes = {
				LastUpgradeCheck = 0640;
				ORGANIZATIONNAME = nicholas.cardinal;
				TargetAttributes = {
					5EBB1C761B53758D0073FD35 = {
						CreatedOnToolsVersion = 6.4;
					};
					5EBB1C8F1B53758D0073FD35 = {
						CreatedOnToolsVersion = 6.4;
						TestTargetID = 5EBB1C761B53758D0073FD35;
					};
				};
			};
			buildConfigurationList = 5EBB1C721B53758D0073FD35 /* Build configuration list for PBXProject "TableTennis" */;
			compatibilityVersion = "Xcode 3.2";
			developmentRegion = English;
			hasScannedForEncodings = 0;
			knownRegions = (
				en,
				Base,
			);
			mainGroup = 5EBB1C6E1B53758D0073FD35;
			productRefGroup = 5EBB1C781B53758D0073FD35 /* Products */;
			projectDirPath = "";
			projectRoot = "";
			targets = (
				5EBB1C761B53758D0073FD35 /* TableTennis */,
				5EBB1C8F1B53758D0073FD35 /* TableTennisTests */,
			);
		};
/* End PBXProject section */

/* Begin PBXResourcesBuildPhase section */
		5EBB1C751B53758D0073FD35 /* Resources */ = {
			isa = PBXResourcesBuildPhase;
			buildActionMask = 2147483647;
			files = (
				5EBB1C861B53758D0073FD35 /* Main.storyboard in Resources */,
				5EBB1C8B1B53758D0073FD35 /* LaunchScreen.xib in Resources */,
				5EBB1CA41B5380AA0073FD35 /* ViewController.xib in Resources */,
				5EBB1C881B53758D0073FD35 /* Images.xcassets in Resources */,
			);
			runOnlyForDeploymentPostprocessing = 0;
		};
		5EBB1C8E1B53758D0073FD35 /* Resources */ = {
			isa = PBXResourcesBuildPhase;
			buildActionMask = 2147483647;
			files = (
			);
			runOnlyForDeploymentPostprocessing = 0;
		};
/* End PBXResourcesBuildPhase section */

/* Begin PBXSourcesBuildPhase section */
		5EBB1C731B53758D0073FD35 /* Sources */ = {
			isa = PBXSourcesBuildPhase;
			buildActionMask = 2147483647;
			files = (
				5EBB1CA31B5380AA0073FD35 /* ViewController.m in Sources */,
				5EBB1C801B53758D0073FD35 /* AppDelegate.m in Sources */,
				5EBB1C7D1B53758D0073FD35 /* main.m in Sources */,
			);
			runOnlyForDeploymentPostprocessing = 0;
		};
		5EBB1C8C1B53758D0073FD35 /* Sources */ = {
			isa = PBXSourcesBuildPhase;
			buildActionMask = 2147483647;
			files = (
				5EBB1C971B53758D0073FD35 /* TableTennisTests.m in Sources */,
			);
			runOnlyForDeploymentPostprocessing = 0;
		};
/* End PBXSourcesBuildPhase section */

/* Begin PBXTargetDependency section */
		5EBB1C921B53758D0073FD35 /* PBXTargetDependency */ = {
			isa = PBXTargetDependency;
			target = 5EBB1C761B53758D0073FD35 /* TableTennis */;
			targetProxy = 5EBB1C911B53758D0073FD35 /* PBXContainerItemProxy */;
		};
/* End PBXTargetDependency section */

/* Begin PBXVariantGroup section */
		5EBB1C841B53758D0073FD35 /* Main.storyboard */ = {
			isa = PBXVariantGroup;
			children = (
				5EBB1C851B53758D0073FD35 /* Base */,
			);
			name = Main.storyboard;
			sourceTree = "<group>";
		};
		5EBB1C891B53758D0073FD35 /* LaunchScreen.xib */ = {
			isa = PBXVariantGroup;
			children = (
				5EBB1C8A1B53758D0073FD35 /* Base */,
			);
			name = LaunchScreen.xib;
			sourceTree = "<group>";
		};
/* End PBXVariantGroup section */

/* Begin XCBuildConfiguration section */
		5EBB1C981B53758D0073FD35 /* Debug */ = {
			isa = XCBuildConfiguration;
			buildSettings = {
				ALWAYS_SEARCH_USER_PATHS = NO;
				CLANG_CXX_LANGUAGE_STANDARD = "gnu++0x";
				CLANG_CXX_LIBRARY = "libc++";
				CLANG_ENABLE_MODULES = YES;
				CLANG_ENABLE_OBJC_ARC = YES;
				CLANG_WARN_BOOL_CONVERSION = YES;
				CLANG_WARN_CONSTANT_CONVERSION = YES;
				CLANG_WARN_DIRECT_OBJC_ISA_USAGE = YES_ERROR;
				CLANG_WARN_EMPTY_BODY = YES;
				CLANG_WARN_ENUM_CONVERSION = YES;
				CLANG_WARN_INT_CONVERSION = YES;
				CLANG_WARN_OBJC_ROOT_CLASS = YES_ERROR;
				CLANG_WARN_UNREACHABLE_CODE = YES;
				CLANG_WARN__DUPLICATE_METHOD_MATCH = YES;
				"CODE_SIGN_IDENTITY[sdk=iphoneos*]" = "iPhone Developer";
				COPY_PHASE_STRIP = NO;
				DEBUG_INFORMATION_FORMAT = "dwarf-with-dsym";
				ENABLE_STRICT_OBJC_MSGSEND = YES;
				GCC_C_LANGUAGE_STANDARD = gnu99;
				GCC_DYNAMIC_NO_PIC = NO;
				GCC_NO_COMMON_BLOCKS = YES;
				GCC_OPTIMIZATION_LEVEL = 0;
				GCC_PREPROCESSOR_DEFINITIONS = (
					"DEBUG=1",
					"$(inherited)",
				);
				GCC_SYMBOLS_PRIVATE_EXTERN = NO;
				GCC_WARN_64_TO_32_BIT_CONVERSION = YES;
				GCC_WARN_ABOUT_RETURN_TYPE = YES_ERROR;
				GCC_WARN_UNDECLARED_SELECTOR = YES;
				GCC_WARN_UNINITIALIZED_AUTOS = YES_AGGRESSIVE;
				GCC_WARN_UNUSED_FUNCTION = YES;
				GCC_WARN_UNUSED_VARIABLE = YES;
				IPHONEOS_DEPLOYMENT_TARGET = 8.4;
				MTL_ENABLE_DEBUG_INFO = YES;
				ONLY_ACTIVE_ARCH = YES;
				SDKROOT = iphoneos;
			};
			name = Debug;
		};
		5EBB1C991B53758D0073FD35 /* Release */ = {
			isa = XCBuildConfiguration;
			buildSettings = {
				ALWAYS_SEARCH_USER_PATHS = NO;
				CLANG_CXX_LANGUAGE_STANDARD = "gnu++0x";
				CLANG_CXX_LIBRARY = "libc++";
				CLANG_ENABLE_MODULES = YES;
				CLANG_ENABLE_OBJC_ARC = YES;
				CLANG_WARN_BOOL_CONVERSION = YES;
				CLANG_WARN_CONSTANT_CONVERSION = YES;
				CLANG_WARN_DIRECT_OBJC_ISA_USAGE = YES_ERROR;
				CLANG_WARN_EMPTY_BODY = YES;
				CLANG_WARN_ENUM_CONVERSION = YES;
				CLANG_WARN_INT_CONVERSION = YES;
				CLANG_WARN_OBJC_ROOT_CLASS = YES_ERROR;
				CLANG_WARN_UNREACHABLE_CODE = YES;
				CLANG_WARN__DUPLICATE_METHOD_MATCH = YES;
				"CODE_SIGN_IDENTITY[sdk=iphoneos*]" = "iPhone Developer";
				COPY_PHASE_STRIP = NO;
				DEBUG_INFORMATION_FORMAT = "dwarf-with-dsym";
				ENABLE_NS_ASSERTIONS = NO;
				ENABLE_STRICT_OBJC_MSGSEND = YES;
				GCC_C_LANGUAGE_STANDARD = gnu99;
				GCC_NO_COMMON_BLOCKS = YES;
				GCC_WARN_64_TO_32_BIT_CONVERSION = YES;
				GCC_WARN_ABOUT_RETURN_TYPE = YES_ERROR;
				GCC_WARN_UNDECLARED_SELECTOR = YES;
				GCC_WARN_UNINITIALIZED_AUTOS = YES_AGGRESSIVE;
				GCC_WARN_UNUSED_FUNCTION = YES;
				GCC_WARN_UNUSED_VARIABLE = YES;
				IPHONEOS_DEPLOYMENT_TARGET = 8.4;
				MTL_ENABLE_DEBUG_INFO = NO;
				SDKROOT = iphoneos;
				VALIDATE_PRODUCT = YES;
			};
			name = Release;
		};
		5EBB1C9B1B53758D0073FD35 /* Debug */ = {
			isa = XCBuildConfiguration;
			buildSettings = {
				ASSETCATALOG_COMPILER_APPICON_NAME = AppIcon;
				INFOPLIST_FILE = TableTennis/Info.plist;
				LD_RUNPATH_SEARCH_PATHS = "$(inherited) @executable_path/Frameworks";
				PRODUCT_NAME = "$(TARGET_NAME)";
			};
			name = Debug;
		};
		5EBB1C9C1B53758D0073FD35 /* Release */ = {
			isa = XCBuildConfiguration;
			buildSettings = {
				ASSETCATALOG_COMPILER_APPICON_NAME = AppIcon;
				INFOPLIST_FILE = TableTennis/Info.plist;
				LD_RUNPATH_SEARCH_PATHS = "$(inherited) @executable_path/Frameworks";
				PRODUCT_NAME = "$(TARGET_NAME)";
			};
			name = Release;
		};
		5EBB1C9E1B53758D0073FD35 /* Debug */ = {
			isa = XCBuildConfiguration;
			buildSettings = {
				BUNDLE_LOADER = "$(TEST_HOST)";
				FRAMEWORK_SEARCH_PATHS = (
					"$(SDKROOT)/Developer/Library/Frameworks",
					"$(inherited)",
				);
				GCC_PREPROCESSOR_DEFINITIONS = (
					"DEBUG=1",
					"$(inherited)",
				);
				INFOPLIST_FILE = TableTennisTests/Info.plist;
				LD_RUNPATH_SEARCH_PATHS = "$(inherited) @executable_path/Frameworks @loader_path/Frameworks";
				PRODUCT_NAME = "$(TARGET_NAME)";
				TEST_HOST = "$(BUILT_PRODUCTS_DIR)/TableTennis.app/TableTennis";
			};
			name = Debug;
		};
		5EBB1C9F1B53758D0073FD35 /* Release */ = {
			isa = XCBuildConfiguration;
			buildSettings = {
				BUNDLE_LOADER = "$(TEST_HOST)";
				FRAMEWORK_SEARCH_PATHS = (
					"$(SDKROOT)/Developer/Library/Frameworks",
					"$(inherited)",
				);
				INFOPLIST_FILE = TableTennisTests/Info.plist;
				LD_RUNPATH_SEARCH_PATHS = "$(inherited) @executable_path/Frameworks @loader_path/Frameworks";
				PRODUCT_NAME = "$(TARGET_NAME)";
				TEST_HOST = "$(BUILT_PRODUCTS_DIR)/TableTennis.app/TableTennis";
			};
			name = Release;
		};
/* End XCBuildConfiguration section */

/* Begin XCConfigurationList section */
		5EBB1C721B53758D0073FD35 /* Build configuration list for PBXProject "TableTennis" */ = {
			isa = XCConfigurationList;
			buildConfigurations = (
				5EBB1C981B53758D0073FD35 /* Debug */,
				5EBB1C991B53758D0073FD35 /* Release */,
			);
			defaultConfigurationIsVisible = 0;
			defaultConfigurationName = Release;
		};
		5EBB1C9A1B53758D0073FD35 /* Build configuration list for PBXNativeTarget "TableTennis" */ = {
			isa = XCConfigurationList;
			buildConfigurations = (
				5EBB1C9B1B53758D0073FD35 /* Debug */,
				5EBB1C9C1B53758D0073FD35 /* Release */,
			);
			defaultConfigurationIsVisible = 0;
		};
		5EBB1C9D1B53758D0073FD35 /* Build configuration list for PBXNativeTarget "TableTennisTests" */ = {
			isa = XCConfigurationList;
			buildConfigurations = (
				5EBB1C9E1B53758D0073FD35 /* Debug */,
				5EBB1C9F1B53758D0073FD35 /* Release */,
			);
			defaultConfigurationIsVisible = 0;
		};
/* End XCConfigurationList section */
	};
	rootObject = 5EBB1C6F1B53758D0073FD35 /* Project object */;
}
